
Microsoft Visual Studio Solution File, Format Version 12.00
# Visual Studio Version 17
VisualStudioVersion = 17.8.34309.116
MinimumVisualStudioVersion = 10.0.40219.1
Project("{9A19103F-16F7-4668-BE54-9A1E7A4F7556}") = "MovieWatchList", "MovieWatchList\MovieWatchList.csproj", "{1FEEF942-6BB2-48FF-873E-27FFB5CA8387}"
EndProject
Project("{00D1A9C2-B5F0-4AF3-8072-F6C62B433612}") = "MoviesNew", "MoviesNew\MoviesNew.sqlproj", "{43FC1ECF-1469-4C1B-B90C-288CFD506BEB}"
EndProject
Global
	GlobalSection(SolutionConfigurationPlatforms) = preSolution
		Debug|Any CPU = Debug|Any CPU
		Release|Any CPU = Release|Any CPU
	EndGlobalSection
	GlobalSection(ProjectConfigurationPlatforms) = postSolution
		{1FEEF942-6BB2-48FF-873E-27FFB5CA8387}.Debug|Any CPU.ActiveCfg = Debug|Any CPU
		{1FEEF942-6BB2-48FF-873E-27FFB5CA8387}.Debug|Any CPU.Build.0 = Debug|Any CPU
		{1FEEF942-6BB2-48FF-873E-27FFB5CA8387}.Release|Any CPU.ActiveCfg = Release|Any CPU
		{1FEEF942-6BB2-48FF-873E-27FFB5CA8387}.Release|Any CPU.Build.0 = Release|Any CPU
		{43FC1ECF-1469-4C1B-B90C-288CFD506BEB}.Debug|Any CPU.ActiveCfg = Debug|Any CPU
		{43FC1ECF-1469-4C1B-B90C-288CFD506BEB}.Debug|Any CPU.Build.0 = Debug|Any CPU
		{43FC1ECF-1469-4C1B-B90C-288CFD506BEB}.Debug|Any CPU.Deploy.0 = Debug|Any CPU
		{43FC1ECF-1469-4C1B-B90C-288CFD506BEB}.Release|Any CPU.ActiveCfg = Release|Any CPU
		{43FC1ECF-1469-4C1B-B90C-288CFD506BEB}.Release|Any CPU.Build.0 = Release|Any CPU
		{43FC1ECF-1469-4C1B-B90C-288CFD506BEB}.Release|Any CPU.Deploy.0 = Release|Any CPU
	EndGlobalSection
	GlobalSection(SolutionProperties) = preSolution
		HideSolutionNode = FALSE
	EndGlobalSection
	GlobalSection(ExtensibilityGlobals) = postSolution
		SolutionGuid = {53B56061-C9C3-488D-921C-058B63C7D021}
	EndGlobalSection
EndGlobal
